
Microsoft Visual Studio Solution File, Format Version 12.00
# Visual Studio Version 16
VisualStudioVersion = 16.0.31229.75
MinimumVisualStudioVersion = 10.0.40219.1
Project("{FAE04EC0-301F-11D3-BF4B-00C04F79EFBC}") = "PasswordValidation", "PasswordValidation\PasswordValidation.csproj", "{60CCC930-4141-4430-8F08-B48F13879734}"
EndProject
Project("{FAE04EC0-301F-11D3-BF4B-00C04F79EFBC}") = "PasswordValidationTests", "PasswordValidationTests\PasswordValidationTests.csproj", "{0FC1B99F-7303-470D-BAFA-33CFB98E7513}"
EndProject
Global
	GlobalSection(SolutionConfigurationPlatforms) = preSolution
		Debug|Any CPU = Debug|Any CPU
		Release|Any CPU = Release|Any CPU
	EndGlobalSection
	GlobalSection(ProjectConfigurationPlatforms) = postSolution
		{60CCC930-4141-4430-8F08-B48F13879734}.Debug|Any CPU.ActiveCfg = Debug|Any CPU
		{60CCC930-4141-4430-8F08-B48F13879734}.Debug|Any CPU.Build.0 = Debug|Any CPU
		{60CCC930-4141-4430-8F08-B48F13879734}.Release|Any CPU.ActiveCfg = Release|Any CPU
		{60CCC930-4141-4430-8F08-B48F13879734}.Release|Any CPU.Build.0 = Release|Any CPU
		{0FC1B99F-7303-470D-BAFA-33CFB98E7513}.Debug|Any CPU.ActiveCfg = Debug|Any CPU
		{0FC1B99F-7303-470D-BAFA-33CFB98E7513}.Debug|Any CPU.Build.0 = Debug|Any CPU
		{0FC1B99F-7303-470D-BAFA-33CFB98E7513}.Release|Any CPU.ActiveCfg = Release|Any CPU
		{0FC1B99F-7303-470D-BAFA-33CFB98E7513}.Release|Any CPU.Build.0 = Release|Any CPU
	EndGlobalSection
	GlobalSection(SolutionProperties) = preSolution
		HideSolutionNode = FALSE
	EndGlobalSection
	GlobalSection(ExtensibilityGlobals) = postSolution
		SolutionGuid = {4763731E-292A-471E-A1E0-D8C1C7994E5E}
	EndGlobalSection
EndGlobal
